
Microsoft Visual Studio Solution File, Format Version 12.00
# Visual Studio Version 17
VisualStudioVersion = 17.7.34302.85
MinimumVisualStudioVersion = 10.0.40219.1
Project("{8BC9CEB8-8B4A-11D0-8D11-00A0C91BC942}") = "MyDesktopWin32App", "MyDesktopWin32App.vcxproj", "{7CDF9E14-1423-4108-A22C-00BF18545409}"
EndProject
Project("{8BC9CEB8-8B4A-11D0-8D11-00A0C91BC942}") = "MyUWPApp", "..\MyUWPApp\MyUWPApp.vcxproj", "{7AD8A393-653E-4702-9DE8-D7CFBB8B2DB7}"
EndProject
Global
	GlobalSection(SolutionConfigurationPlatforms) = preSolution
		Debug|ARM = Debug|ARM
		Debug|ARM64 = Debug|ARM64
		Debug|x64 = Debug|x64
		Debug|x86 = Debug|x86
		Release|ARM = Release|ARM
		Release|ARM64 = Release|ARM64
		Release|x64 = Release|x64
		Release|x86 = Release|x86
	EndGlobalSection
	GlobalSection(ProjectConfigurationPlatforms) = postSolution
		{7CDF9E14-1423-4108-A22C-00BF18545409}.Debug|ARM.ActiveCfg = Debug|x64
		{7CDF9E14-1423-4108-A22C-00BF18545409}.Debug|ARM.Build.0 = Debug|x64
		{7CDF9E14-1423-4108-A22C-00BF18545409}.Debug|ARM64.ActiveCfg = Debug|x64
		{7CDF9E14-1423-4108-A22C-00BF18545409}.Debug|ARM64.Build.0 = Debug|x64
		{7CDF9E14-1423-4108-A22C-00BF18545409}.Debug|x64.ActiveCfg = Debug|x64
		{7CDF9E14-1423-4108-A22C-00BF18545409}.Debug|x64.Build.0 = Debug|x64
		{7CDF9E14-1423-4108-A22C-00BF18545409}.Debug|x86.ActiveCfg = Debug|Win32
		{7CDF9E14-1423-4108-A22C-00BF18545409}.Debug|x86.Build.0 = Debug|Win32
		{7CDF9E14-1423-4108-A22C-00BF18545409}.Release|ARM.ActiveCfg = Release|x64
		{7CDF9E14-1423-4108-A22C-00BF18545409}.Release|ARM.Build.0 = Release|x64
		{7CDF9E14-1423-4108-A22C-00BF18545409}.Release|ARM64.ActiveCfg = Release|x64
		{7CDF9E14-1423-4108-A22C-00BF18545409}.Release|ARM64.Build.0 = Release|x64
		{7CDF9E14-1423-4108-A22C-00BF18545409}.Release|x64.ActiveCfg = Release|x64
		{7CDF9E14-1423-4108-A22C-00BF18545409}.Release|x64.Build.0 = Release|x64
		{7CDF9E14-1423-4108-A22C-00BF18545409}.Release|x86.ActiveCfg = Release|Win32
		{7CDF9E14-1423-4108-A22C-00BF18545409}.Release|x86.Build.0 = Release|Win32
		{7AD8A393-653E-4702-9DE8-D7CFBB8B2DB7}.Debug|ARM.ActiveCfg = Debug|ARM
		{7AD8A393-653E-4702-9DE8-D7CFBB8B2DB7}.Debug|ARM.Build.0 = Debug|ARM
		{7AD8A393-653E-4702-9DE8-D7CFBB8B2DB7}.Debug|ARM.Deploy.0 = Debug|ARM
		{7AD8A393-653E-4702-9DE8-D7CFBB8B2DB7}.Debug|ARM64.ActiveCfg = Debug|ARM64
		{7AD8A393-653E-4702-9DE8-D7CFBB8B2DB7}.Debug|ARM64.Build.0 = Debug|ARM64
		{7AD8A393-653E-4702-9DE8-D7CFBB8B2DB7}.Debug|ARM64.Deploy.0 = Debug|ARM64
		{7AD8A393-653E-4702-9DE8-D7CFBB8B2DB7}.Debug|x64.ActiveCfg = Debug|x64
		{7AD8A393-653E-4702-9DE8-D7CFBB8B2DB7}.Debug|x64.Build.0 = Debug|x64
		{7AD8A393-653E-4702-9DE8-D7CFBB8B2DB7}.Debug|x64.Deploy.0 = Debug|x64
		{7AD8A393-653E-4702-9DE8-D7CFBB8B2DB7}.Debug|x86.ActiveCfg = Debug|Win32
		{7AD8A393-653E-4702-9DE8-D7CFBB8B2DB7}.Debug|x86.Build.0 = Debug|Win32
		{7AD8A393-653E-4702-9DE8-D7CFBB8B2DB7}.Debug|x86.Deploy.0 = Debug|Win32
		{7AD8A393-653E-4702-9DE8-D7CFBB8B2DB7}.Release|ARM.ActiveCfg = Release|ARM
		{7AD8A393-653E-4702-9DE8-D7CFBB8B2DB7}.Release|ARM.Build.0 = Release|ARM
		{7AD8A393-653E-4702-9DE8-D7CFBB8B2DB7}.Release|ARM.Deploy.0 = Release|ARM
		{7AD8A393-653E-4702-9DE8-D7CFBB8B2DB7}.Release|ARM64.ActiveCfg = Release|ARM64
		{7AD8A393-653E-4702-9DE8-D7CFBB8B2DB7}.Release|ARM64.Build.0 = Release|ARM64
		{7AD8A393-653E-4702-9DE8-D7CFBB8B2DB7}.Release|ARM64.Deploy.0 = Release|ARM64
		{7AD8A393-653E-4702-9DE8-D7CFBB8B2DB7}.Release|x64.ActiveCfg = Release|x64
		{7AD8A393-653E-4702-9DE8-D7CFBB8B2DB7}.Release|x64.Build.0 = Release|x64
		{7AD8A393-653E-4702-9DE8-D7CFBB8B2DB7}.Release|x64.Deploy.0 = Release|x64
		{7AD8A393-653E-4702-9DE8-D7CFBB8B2DB7}.Release|x86.ActiveCfg = Release|Win32
		{7AD8A393-653E-4702-9DE8-D7CFBB8B2DB7}.Release|x86.Build.0 = Release|Win32
		{7AD8A393-653E-4702-9DE8-D7CFBB8B2DB7}.Release|x86.Deploy.0 = Release|Win32
	EndGlobalSection
	GlobalSection(SolutionProperties) = preSolution
		HideSolutionNode = FALSE
	EndGlobalSection
	GlobalSection(ExtensibilityGlobals) = postSolution
		SolutionGuid = {1B8B0996-59D6-48CB-BD28-BB69A38E53E7}
	EndGlobalSection
EndGlobal
